lockfileVersion: 5.3

specifiers:
  '@azure/msal-node': ^1.5.0
  '@sveltejs/adapter-node': ^1.0.0-next.60
  '@sveltejs/kit': next
  apple-auth: ^1.0.7
  argon2: ^0.28.3
  cookie: ^0.4.1
  jsonwebtoken: ^8.5.1
  normalizecss: ^3.0.0
  postgres: ^1.0.2
  redis: ^4.0.1
  sass: ^1.46.0
  svelte: ^3.45.0
  svelte-preprocess: ^4.10.1
  uuid: ^8.3.2

dependencies:
  '@azure/msal-node': 1.5.0
  '@sveltejs/adapter-node': 1.0.0-next.60
  apple-auth: 1.0.7
  argon2: 0.28.3
  cookie: 0.4.1
  jsonwebtoken: 8.5.1
  normalizecss: 3.0.0
  postgres: 1.0.2
  redis: 4.0.1
  uuid: 8.3.2

devDependencies:
  '@sveltejs/kit': 1.0.0-next.216_sass@1.46.0+svelte@3.45.0
  sass: 1.46.0
  svelte: 3.45.0
  svelte-preprocess: 4.10.1_sass@1.46.0+svelte@3.45.0

packages:

  /@azure/msal-common/6.0.0:
    resolution: {integrity: sha512-Vva3snqmWPHJNDCBb4lz3D0rvZsi/0QikAxHvVFNwtNg5pP4NZE4U34tNiXN+m9KhlQFrZBPkE5rk7dIEOGcWw==}
    engines: {node: '>=0.8.0'}
    dependencies:
      debug: 4.3.3
    transitivePeerDependencies:
      - supports-color
    dev: false

  /@azure/msal-node/1.5.0:
    resolution: {integrity: sha512-FiCra/3ZyLXSQltoI9ndeN/lvXsPsFDsqVKgH7SWXVQjL3OpEXiqKkj0CB2UWGCk1U6bZGMJfkUZCXzhMQTObQ==}
    engines: {node: 10 || 12 || 14 || 16}
    dependencies:
      '@azure/msal-common': 6.0.0
      axios: 0.21.4
      jsonwebtoken: 8.5.1
      uuid: 8.3.2
    transitivePeerDependencies:
      - debug
      - supports-color
    dev: false

  /@mapbox/node-pre-gyp/1.0.8:
    resolution: {integrity: sha512-CMGKi28CF+qlbXh26hDe6NxCd7amqeAzEqnS6IHeO6LoaKyM/n+Xw3HT1COdq8cuioOdlKdqn/hCmqPUOMOywg==}
    hasBin: true
    dependencies:
      detect-libc: 1.0.3
      https-proxy-agent: 5.0.0
      make-dir: 3.1.0
      node-fetch: 2.6.6
      nopt: 5.0.0
      npmlog: 5.0.1
      rimraf: 3.0.2
      semver: 7.3.5
      tar: 6.1.11
    transitivePeerDependencies:
      - supports-color
    dev: false

  /@node-redis/client/1.0.1:
    resolution: {integrity: sha512-o0I4LdzJXP6QYxRnBPrQ7cIG5tF3SNM/PBnjC3mV6QkzIiGRElzWqSr9a9JCJdcyB1SIA80bhgGhpdTpCQ1Sdw==}
    engines: {node: '>=12'}
    dependencies:
      cluster-key-slot: 1.1.0
      generic-pool: 3.8.2
      redis-parser: 3.0.0
      yallist: 4.0.0
    dev: false

  /@node-redis/json/1.0.1_@node-redis+client@1.0.1:
    resolution: {integrity: sha512-2EB96ZN0yUr4mgA9Odme48jX8eF5Ji0jrsRn4rLfEhME7L3rHLdKeUfxJKxbPOxadP6k8+6ViElxPZrKuV2nvQ==}
    peerDependencies:
      '@node-redis/client': ^1.0.0
    dependencies:
      '@node-redis/client': 1.0.1
    dev: false

  /@node-redis/search/1.0.1_@node-redis+client@1.0.1:
    resolution: {integrity: sha512-iA2Gw6gr0X6IfNSjTyme9W1tDlLkwQ1bPApo4s8aVwZ2Ju8Z4COVik0vT6BJPRin79f5xPZgnaec3DIoC2UpHA==}
    peerDependencies:
      '@node-redis/client': ^1.0.0
    dependencies:
      '@node-redis/client': 1.0.1
    dev: false

  /@node-redis/time-series/1.0.0_@node-redis+client@1.0.1:
    resolution: {integrity: sha512-QcaCIL/DlYJXedSfmjF+IRxKJbBUXBrjA5Gv0IiPlXXFFOkRnbPGKq6hmwBAAWyk1U03wyBHDFKVS3/9GnZV8g==}
    peerDependencies:
      '@node-redis/client': ^1.0.0
    dependencies:
      '@node-redis/client': 1.0.1
    dev: false

  /@phc/format/1.0.0:
    resolution: {integrity: sha512-m7X9U6BG2+J+R1lSOdCiITLLrxm+cWlNI3HUFA92oLO77ObGNzaKdh8pMLqdZcshtkKuV84olNNXDfMc4FezBQ==}
    engines: {node: '>=10'}
    dev: false

  /@rollup/pluginutils/4.1.2:
    resolution: {integrity: sha512-ROn4qvkxP9SyPeHaf7uQC/GPFY6L/OWy9+bd9AwcjOAWQwxRscoEyAUD8qCY5o5iL4jqQwoLk2kaTKJPb/HwzQ==}
    engines: {node: '>= 8.0.0'}
    dependencies:
      estree-walker: 2.0.2
      picomatch: 2.3.1
    dev: true

  /@sveltejs/adapter-node/1.0.0-next.60:
    resolution: {integrity: sha512-aOX0WEoSoy9ANHDbyul83c0F9qxI+vl//kYEhTZURY4NNnRQ4B1+QECDIv70v3SjU/aAT+56ofpvcZA++sfQxw==}
    dependencies:
      tiny-glob: 0.2.9
    dev: false

  /@sveltejs/kit/1.0.0-next.216_sass@1.46.0+svelte@3.45.0:
    resolution: {integrity: sha512-FKg7PPlymsZ2aU8DteY1BH217M2dIAgfWzm8OVqazQn2uLbw25WbVqSJ5KdgW83mLYoxSWUNPrJX3TJNEG6jVg==}
    engines: {node: '>=14.13'}
    hasBin: true
    peerDependencies:
      svelte: ^3.44.0
    dependencies:
      '@sveltejs/vite-plugin-svelte': 1.0.0-next.34_svelte@3.45.0+vite@2.7.10
      sade: 1.8.1
      svelte: 3.45.0
      vite: 2.7.10_sass@1.46.0
    transitivePeerDependencies:
      - diff-match-patch
      - less
      - sass
      - stylus
      - supports-color
    dev: true

  /@sveltejs/vite-plugin-svelte/1.0.0-next.34_svelte@3.45.0+vite@2.7.10:
    resolution: {integrity: sha512-qZH2jndijrdkvevgbO7OH3iQsviM5Kz7h5APiNP4yEMZTrwq9bifzYvco6BprwtPvLb5wYlRVFZUOdusY6AovQ==}
    engines: {node: ^14.13.1 || >= 16}
    peerDependencies:
      diff-match-patch: ^1.0.5
      svelte: ^3.44.0
      vite: ^2.7.0
    peerDependenciesMeta:
      diff-match-patch:
        optional: true
    dependencies:
      '@rollup/pluginutils': 4.1.2
      debug: 4.3.3
      kleur: 4.1.4
      magic-string: 0.25.7
      require-relative: 0.8.7
      svelte: 3.45.0
      svelte-hmr: 0.14.9_svelte@3.45.0
      vite: 2.7.10_sass@1.46.0
    transitivePeerDependencies:
      - supports-color
    dev: true

  /@types/node/17.0.8:
    resolution: {integrity: sha512-YofkM6fGv4gDJq78g4j0mMuGMkZVxZDgtU0JRdx6FgiJDG+0fY0GKVolOV8WqVmEhLCXkQRjwDdKyPxJp/uucg==}
    dev: true

  /@types/pug/2.0.6:
    resolution: {integrity: sha512-SnHmG9wN1UVmagJOnyo/qkk0Z7gejYxOYYmaAwr5u2yFYfsupN3sg10kyzN8Hep/2zbHxCnsumxOoRIRMBwKCg==}
    dev: true

  /@types/sass/1.43.1:
    resolution: {integrity: sha512-BPdoIt1lfJ6B7rw35ncdwBZrAssjcwzI5LByIrYs+tpXlj/CAkuVdRsgZDdP4lq5EjyWzwxZCqAoFyHKFwp32g==}
    dependencies:
      '@types/node': 17.0.8
    dev: true

  /abbrev/1.1.1:
    resolution: {integrity: sha512-nne9/IiQ/hzIhY6pdDnbBtz7DjPTKrY00P/zvPSm5pOFkl6xuGrGnXn/VtTNNfNtAfZ9/1RtehkszU9qcTii0Q==}
    dev: false

  /accepts/1.3.7:
    resolution: {integrity: sha512-Il80Qs2WjYlJIBNzNkK6KYqlVMTbZLXgHx2oT0pU/fjRHyEp+PEfEPY0R3WCwAGVOtauxh1hOxNgIf5bv7dQpA==}
    engines: {node: '>= 0.6'}
    dependencies:
      mime-types: 2.1.34
      negotiator: 0.6.2
    dev: false

  /agent-base/6.0.2:
    resolution: {integrity: sha512-RZNwNclF7+MS/8bDg70amg32dyeZGZxiDuQmZxKLAlQjr3jGyLx+4Kkk58UO7D2QdgFIQCovuSuZESne6RG6XQ==}
    engines: {node: '>= 6.0.0'}
    dependencies:
      debug: 4.3.3
    transitivePeerDependencies:
      - supports-color
    dev: false

  /ansi-regex/5.0.1:
    resolution: {integrity: sha512-quJQXlTSUGL2LH9SUXo8VwsY4soanhgo6LNSm84E1LBcE8s3O0wpdiRzyR9z/ZZJMlMWv37qOOb9pdJlMUEKFQ==}
    engines: {node: '>=8'}
    dev: false

  /anymatch/3.1.2:
    resolution: {integrity: sha512-P43ePfOAIupkguHUycrc4qJ9kz8ZiuOUijaETwX7THt0Y/GNK7v0aa8rY816xWjZ7rJdA5XdMcpVFTKMq+RvWg==}
    engines: {node: '>= 8'}
    dependencies:
      normalize-path: 3.0.0
      picomatch: 2.3.1
    dev: true

  /apple-auth/1.0.7:
    resolution: {integrity: sha512-vfJqy4KtT5KHflxBSemc0mkWuy2GU2wHWaZ6xVWUjPmiXkJcLj5jB3IeCbDLF4wN+ZStjOQXZWfGwccBjclVlA==}
    dependencies:
      axios: 0.21.4
      express: 4.17.2
      jsonwebtoken: 8.5.1
    transitivePeerDependencies:
      - debug
    dev: false

  /aproba/2.0.0:
    resolution: {integrity: sha512-lYe4Gx7QT+MKGbDsA+Z+he/Wtef0BiwDOlK/XkBrdfsh9J/jPPXbX0tE9x9cl27Tmu5gg3QUbUrQYa/y+KOHPQ==}
    dev: false

  /are-we-there-yet/2.0.0:
    resolution: {integrity: sha512-Ci/qENmwHnsYo9xKIcUJN5LeDKdJ6R1Z1j9V/J5wyq8nh/mYPEpIKJbBZXtZjG04HiK7zV/p6Vs9952MrMeUIw==}
    engines: {node: '>=10'}
    dependencies:
      delegates: 1.0.0
      readable-stream: 3.6.0
    dev: false

  /argon2/0.28.3:
    resolution: {integrity: sha512-NkEJOImg+T7nnkx6/Fy8EbjZsF20hbBBKdVP/YUxujuLTAjIODmrFeY4vVpekKwGAGDm6roXxluFQ+CIaoVrbg==}
    engines: {node: '>=12.0.0'}
    requiresBuild: true
    dependencies:
      '@mapbox/node-pre-gyp': 1.0.8
      '@phc/format': 1.0.0
      node-addon-api: 4.2.0
      opencollective-postinstall: 2.0.3
    transitivePeerDependencies:
      - supports-color
    dev: false

  /array-flatten/1.1.1:
    resolution: {integrity: sha1-ml9pkFGx5wczKPKgCJaLZOopVdI=}
    dev: false

  /axios/0.21.4:
    resolution: {integrity: sha512-ut5vewkiu8jjGBdqpM44XxjuCjq9LAKeHVmoVfHVzy8eHgxxq8SbAVQNovDA8mVi05kP0Ea/n/UzcSHcTJQfNg==}
    dependencies:
      follow-redirects: 1.14.6
    transitivePeerDependencies:
      - debug
    dev: false

  /balanced-match/1.0.2:
    resolution: {integrity: sha512-3oSeUO0TMV67hN1AmbXsK4yaqU7tjiHlbxRDZOpH0KW9+CeX4bRAaX0Anxt0tx2MrpRpWwQaPwIlISEJhYU5Pw==}

  /binary-extensions/2.2.0:
    resolution: {integrity: sha512-jDctJ/IVQbZoJykoeHbhXpOlNBqGNcwXJKJog42E5HDPUwQTSdjCHdihjj0DlnheQ7blbT6dHOafNAiS8ooQKA==}
    engines: {node: '>=8'}
    dev: true

  /body-parser/1.19.1:
    resolution: {integrity: sha512-8ljfQi5eBk8EJfECMrgqNGWPEY5jWP+1IzkzkGdFFEwFQZZyaZ21UqdaHktgiMlH0xLHqIFtE/u2OYE5dOtViA==}
    engines: {node: '>= 0.8'}
    dependencies:
      bytes: 3.1.1
      content-type: 1.0.4
      debug: 2.6.9
      depd: 1.1.2
      http-errors: 1.8.1
      iconv-lite: 0.4.24
      on-finished: 2.3.0
      qs: 6.9.6
      raw-body: 2.4.2
      type-is: 1.6.18
    dev: false

  /brace-expansion/1.1.11:
    resolution: {integrity: sha512-iCuPHDFgrHX7H2vEI/5xpz07zSHB00TpugqhmYtVmMO6518mCuRMoOYFldEBl0g187ufozdaHgWKcYFb61qGiA==}
    dependencies:
      balanced-match: 1.0.2
      concat-map: 0.0.1

  /braces/3.0.2:
    resolution: {integrity: sha512-b8um+L1RzM3WDSzvhm6gIz1yfTbBt6YTlcEKAvsmqCZZFw46z626lVj9j1yEPW33H5H+lBQpZMP1k8l+78Ha0A==}
    engines: {node: '>=8'}
    dependencies:
      fill-range: 7.0.1
    dev: true

  /buffer-crc32/0.2.13:
    resolution: {integrity: sha1-DTM+PwDqxQqhRUq9MO+MKl2ackI=}
    dev: true

  /buffer-equal-constant-time/1.0.1:
    resolution: {integrity: sha1-+OcRMvf/5uAaXJaXpMbz5I1cyBk=}
    dev: false

  /bytes/3.1.1:
    resolution: {integrity: sha512-dWe4nWO/ruEOY7HkUJ5gFt1DCFV9zPRoJr8pV0/ASQermOZjtq8jMjOprC0Kd10GLN+l7xaUPvxzJFWtxGu8Fg==}
    engines: {node: '>= 0.8'}
    dev: false

  /chokidar/3.5.2:
    resolution: {integrity: sha512-ekGhOnNVPgT77r4K/U3GDhu+FQ2S8TnK/s2KbIGXi0SZWuwkZ2QNyfWdZW+TVfn84DpEP7rLeCt2UI6bJ8GwbQ==}
    engines: {node: '>= 8.10.0'}
    dependencies:
      anymatch: 3.1.2
      braces: 3.0.2
      glob-parent: 5.1.2
      is-binary-path: 2.1.0
      is-glob: 4.0.3
      normalize-path: 3.0.0
      readdirp: 3.6.0
    optionalDependencies:
      fsevents: 2.3.2
    dev: true

  /chownr/2.0.0:
    resolution: {integrity: sha512-bIomtDF5KGpdogkLd9VspvFzk9KfpyyGlS8YFVZl7TGPBHL5snIOnxeshwVgPteQ9b4Eydl+pVbIyE1DcvCWgQ==}
    engines: {node: '>=10'}
    dev: false

  /cluster-key-slot/1.1.0:
    resolution: {integrity: sha512-2Nii8p3RwAPiFwsnZvukotvow2rIHM+yQ6ZcBXGHdniadkYGZYiGmkHJIbZPIV9nfv7m/U1IPMVVcAhoWFeklw==}
    engines: {node: '>=0.10.0'}
    dev: false

  /color-support/1.1.3:
    resolution: {integrity: sha512-qiBjkpbMLO/HL68y+lh4q0/O1MZFj2RX6X/KmMa3+gJD3z+WwI1ZzDHysvqHGS3mP6mznPckpXmw1nI9cJjyRg==}
    hasBin: true
    dev: false

  /concat-map/0.0.1:
    resolution: {integrity: sha1-2Klr13/Wjfd5OnMDajug1UBdR3s=}

  /console-control-strings/1.1.0:
    resolution: {integrity: sha1-PXz0Rk22RG6mRL9LOVB/mFEAjo4=}
    dev: false

  /content-disposition/0.5.4:
    resolution: {integrity: sha512-FveZTNuGw04cxlAiWbzi6zTAL/lhehaWbTtgluJh4/E95DqMwTmha3KZN1aAWA8cFIhHzMZUvLevkw5Rqk+tSQ==}
    engines: {node: '>= 0.6'}
    dependencies:
      safe-buffer: 5.2.1
    dev: false

  /content-type/1.0.4:
    resolution: {integrity: sha512-hIP3EEPs8tB9AT1L+NUqtwOAps4mk2Zob89MWXMHjHWg9milF/j4osnnQLXBCBFBk/tvIG/tUc9mOUJiPBhPXA==}
    engines: {node: '>= 0.6'}
    dev: false

  /cookie-signature/1.0.6:
    resolution: {integrity: sha1-4wOogrNCzD7oylE6eZmXNNqzriw=}
    dev: false

  /cookie/0.4.1:
    resolution: {integrity: sha512-ZwrFkGJxUR3EIoXtO+yVE69Eb7KlixbaeAWfBQB9vVsNn/o+Yw69gBWSSDK825hQNdN+wF8zELf3dFNl/kxkUA==}
    engines: {node: '>= 0.6'}
    dev: false

  /debug/2.6.9:
    resolution: {integrity: sha512-bC7ElrdJaJnPbAP+1EotYvqZsb3ecl5wi6Bfi6BJTUcNowp6cvspg0jXznRTKDjm/E7AdgFBVeAPVMNcKGsHMA==}
    dependencies:
      ms: 2.0.0
    dev: false

  /debug/4.3.3:
    resolution: {integrity: sha512-/zxw5+vh1Tfv+4Qn7a5nsbcJKPaSvCDhojn6FEl9vupwK2VCSDtEiEtqr8DFtzYFOdz63LBkxec7DYuc2jon6Q==}
    engines: {node: '>=6.0'}
    peerDependencies:
      supports-color: '*'
    peerDependenciesMeta:
      supports-color:
        optional: true
    dependencies:
      ms: 2.1.2

  /delegates/1.0.0:
    resolution: {integrity: sha1-hMbhWbgZBP3KWaDvRM2HDTElD5o=}
    dev: false

  /depd/1.1.2:
    resolution: {integrity: sha1-m81S4UwJd2PnSbJ0xDRu0uVgtak=}
    engines: {node: '>= 0.6'}
    dev: false

  /destroy/1.0.4:
    resolution: {integrity: sha1-l4hXRCxEdJ5CBmE+N5RiBYJqvYA=}
    dev: false

  /detect-indent/6.1.0:
    resolution: {integrity: sha512-reYkTUJAZb9gUuZ2RvVCNhVHdg62RHnJ7WJl8ftMi4diZ6NWlciOzQN88pUhSELEwflJht4oQDv0F0BMlwaYtA==}
    engines: {node: '>=8'}
    dev: true

  /detect-libc/1.0.3:
    resolution: {integrity: sha1-+hN8S9aY7fVc1c0CrFWfkaTEups=}
    engines: {node: '>=0.10'}
    hasBin: true
    dev: false

  /ecdsa-sig-formatter/1.0.11:
    resolution: {integrity: sha512-nagl3RYrbNv6kQkeJIpt6NJZy8twLB/2vtz6yN9Z4vRKHN4/QZJIEbqohALSgwKdnksuY3k5Addp5lg8sVoVcQ==}
    dependencies:
      safe-buffer: 5.2.1
    dev: false

  /ee-first/1.1.1:
    resolution: {integrity: sha1-WQxhFWsK4vTwJVcyoViyZrxWsh0=}
    dev: false

  /emoji-regex/8.0.0:
    resolution: {integrity: sha512-MSjYzcWNOA0ewAHpz0MxpYFvwg6yjy1NG3xteoqz644VCo/RPgnr1/GGt+ic3iJTzQ8Eu3TdM14SawnVUmGE6A==}
    dev: false

  /encodeurl/1.0.2:
    resolution: {integrity: sha1-rT/0yG7C0CkyL1oCw6mmBslbP1k=}
    engines: {node: '>= 0.8'}
    dev: false

  /es6-promise/3.3.1:
    resolution: {integrity: sha1-oIzd6EzNvzTQJ6FFG8kdS80ophM=}
    dev: true

  /esbuild-android-arm64/0.13.15:
    resolution: {integrity: sha512-m602nft/XXeO8YQPUDVoHfjyRVPdPgjyyXOxZ44MK/agewFFkPa8tUo6lAzSWh5Ui5PB4KR9UIFTSBKh/RrCmg==}
    cpu: [arm64]
    os: [android]
    requiresBuild: true
    dev: true
    optional: true

  /esbuild-darwin-64/0.13.15:
    resolution: {integrity: sha512-ihOQRGs2yyp7t5bArCwnvn2Atr6X4axqPpEdCFPVp7iUj4cVSdisgvEKdNR7yH3JDjW6aQDw40iQFoTqejqxvQ==}
    cpu: [x64]
    os: [darwin]
    requiresBuild: true
    dev: true
    optional: true

  /esbuild-darwin-arm64/0.13.15:
    resolution: {integrity: sha512-i1FZssTVxUqNlJ6cBTj5YQj4imWy3m49RZRnHhLpefFIh0To05ow9DTrXROTE1urGTQCloFUXTX8QfGJy1P8dQ==}
    cpu: [arm64]
    os: [darwin]
    requiresBuild: true
    dev: true
    optional: true

  /esbuild-freebsd-64/0.13.15:
    resolution: {integrity: sha512-G3dLBXUI6lC6Z09/x+WtXBXbOYQZ0E8TDBqvn7aMaOCzryJs8LyVXKY4CPnHFXZAbSwkCbqiPuSQ1+HhrNk7EA==}
    cpu: [x64]
    os: [freebsd]
    requiresBuild: true
    dev: true
    optional: true

  /esbuild-freebsd-arm64/0.13.15:
    resolution: {integrity: sha512-KJx0fzEDf1uhNOZQStV4ujg30WlnwqUASaGSFPhznLM/bbheu9HhqZ6mJJZM32lkyfGJikw0jg7v3S0oAvtvQQ==}
    cpu: [arm64]
    os: [freebsd]
    requiresBuild: true
    dev: true
    optional: true

  /esbuild-linux-32/0.13.15:
    resolution: {integrity: sha512-ZvTBPk0YWCLMCXiFmD5EUtB30zIPvC5Itxz0mdTu/xZBbbHJftQgLWY49wEPSn2T/TxahYCRDWun5smRa0Tu+g==}
    cpu: [ia32]
    os: [linux]
    requiresBuild: true
    dev: true
    optional: true

  /esbuild-linux-64/0.13.15:
    resolution: {integrity: sha512-eCKzkNSLywNeQTRBxJRQ0jxRCl2YWdMB3+PkWFo2BBQYC5mISLIVIjThNtn6HUNqua1pnvgP5xX0nHbZbPj5oA==}
    cpu: [x64]
    os: [linux]
    requiresBuild: true
    dev: true
    optional: true

  /esbuild-linux-arm/0.13.15:
    resolution: {integrity: sha512-wUHttDi/ol0tD8ZgUMDH8Ef7IbDX+/UsWJOXaAyTdkT7Yy9ZBqPg8bgB/Dn3CZ9SBpNieozrPRHm0BGww7W/jA==}
    cpu: [arm]
    os: [linux]
    requiresBuild: true
    dev: true
    optional: true

  /esbuild-linux-arm64/0.13.15:
    resolution: {integrity: sha512-bYpuUlN6qYU9slzr/ltyLTR9YTBS7qUDymO8SV7kjeNext61OdmqFAzuVZom+OLW1HPHseBfJ/JfdSlx8oTUoA==}
    cpu: [arm64]
    os: [linux]
    requiresBuild: true
    dev: true
    optional: true

  /esbuild-linux-mips64le/0.13.15:
    resolution: {integrity: sha512-KlVjIG828uFPyJkO/8gKwy9RbXhCEUeFsCGOJBepUlpa7G8/SeZgncUEz/tOOUJTcWMTmFMtdd3GElGyAtbSWg==}
    cpu: [mips64el]
    os: [linux]
    requiresBuild: true
    dev: true
    optional: true

  /esbuild-linux-ppc64le/0.13.15:
    resolution: {integrity: sha512-h6gYF+OsaqEuBjeesTBtUPw0bmiDu7eAeuc2OEH9S6mV9/jPhPdhOWzdeshb0BskRZxPhxPOjqZ+/OqLcxQwEQ==}
    cpu: [ppc64]
    os: [linux]
    requiresBuild: true
    dev: true
    optional: true

  /esbuild-netbsd-64/0.13.15:
    resolution: {integrity: sha512-3+yE9emwoevLMyvu+iR3rsa+Xwhie7ZEHMGDQ6dkqP/ndFzRHkobHUKTe+NCApSqG5ce2z4rFu+NX/UHnxlh3w==}
    cpu: [x64]
    os: [netbsd]
    requiresBuild: true
    dev: true
    optional: true

  /esbuild-openbsd-64/0.13.15:
    resolution: {integrity: sha512-wTfvtwYJYAFL1fSs8yHIdf5GEE4NkbtbXtjLWjM3Cw8mmQKqsg8kTiqJ9NJQe5NX/5Qlo7Xd9r1yKMMkHllp5g==}
    cpu: [x64]
    os: [openbsd]
    requiresBuild: true
    dev: true
    optional: true

  /esbuild-sunos-64/0.13.15:
    resolution: {integrity: sha512-lbivT9Bx3t1iWWrSnGyBP9ODriEvWDRiweAs69vI+miJoeKwHWOComSRukttbuzjZ8r1q0mQJ8Z7yUsDJ3hKdw==}
    cpu: [x64]
    os: [sunos]
    requiresBuild: true
    dev: true
    optional: true

  /esbuild-windows-32/0.13.15:
    resolution: {integrity: sha512-fDMEf2g3SsJ599MBr50cY5ve5lP1wyVwTe6aLJsM01KtxyKkB4UT+fc5MXQFn3RLrAIAZOG+tHC+yXObpSn7Nw==}
    cpu: [ia32]
    os: [win32]
    requiresBuild: true
    dev: true
    optional: true

  /esbuild-windows-64/0.13.15:
    resolution: {integrity: sha512-9aMsPRGDWCd3bGjUIKG/ZOJPKsiztlxl/Q3C1XDswO6eNX/Jtwu4M+jb6YDH9hRSUflQWX0XKAfWzgy5Wk54JQ==}
    cpu: [x64]
    os: [win32]
    requiresBuild: true
    dev: true
    optional: true

  /esbuild-windows-arm64/0.13.15:
    resolution: {integrity: sha512-zzvyCVVpbwQQATaf3IG8mu1IwGEiDxKkYUdA4FpoCHi1KtPa13jeScYDjlW0Qh+ebWzpKfR2ZwvqAQkSWNcKjA==}
    cpu: [arm64]
    os: [win32]
    requiresBuild: true
    dev: true
    optional: true

  /esbuild/0.13.15:
    resolution: {integrity: sha512-raCxt02HBKv8RJxE8vkTSCXGIyKHdEdGfUmiYb8wnabnaEmHzyW7DCHb5tEN0xU8ryqg5xw54mcwnYkC4x3AIw==}
    hasBin: true
    requiresBuild: true
    optionalDependencies:
      esbuild-android-arm64: 0.13.15
      esbuild-darwin-64: 0.13.15
      esbuild-darwin-arm64: 0.13.15
      esbuild-freebsd-64: 0.13.15
      esbuild-freebsd-arm64: 0.13.15
      esbuild-linux-32: 0.13.15
      esbuild-linux-64: 0.13.15
      esbuild-linux-arm: 0.13.15
      esbuild-linux-arm64: 0.13.15
      esbuild-linux-mips64le: 0.13.15
      esbuild-linux-ppc64le: 0.13.15
      esbuild-netbsd-64: 0.13.15
      esbuild-openbsd-64: 0.13.15
      esbuild-sunos-64: 0.13.15
      esbuild-windows-32: 0.13.15
      esbuild-windows-64: 0.13.15
      esbuild-windows-arm64: 0.13.15
    dev: true

  /escape-html/1.0.3:
    resolution: {integrity: sha1-Aljq5NPQwJdN4cFpGI7wBR0dGYg=}
    dev: false

  /estree-walker/2.0.2:
    resolution: {integrity: sha512-Rfkk/Mp/DL7JVje3u18FxFujQlTNR2q6QfMSMB7AvCBx91NGj/ba3kCfza0f6dVDbw7YlRf/nDrn7pQrCCyQ/w==}
    dev: true

  /etag/1.8.1:
    resolution: {integrity: sha1-Qa4u62XvpiJorr/qg6x9eSmbCIc=}
    engines: {node: '>= 0.6'}
    dev: false

  /express/4.17.2:
    resolution: {integrity: sha512-oxlxJxcQlYwqPWKVJJtvQiwHgosH/LrLSPA+H4UxpyvSS6jC5aH+5MoHFM+KABgTOt0APue4w66Ha8jCUo9QGg==}
    engines: {node: '>= 0.10.0'}
    dependencies:
      accepts: 1.3.7
      array-flatten: 1.1.1
      body-parser: 1.19.1
      content-disposition: 0.5.4
      content-type: 1.0.4
      cookie: 0.4.1
      cookie-signature: 1.0.6
      debug: 2.6.9
      depd: 1.1.2
      encodeurl: 1.0.2
      escape-html: 1.0.3
      etag: 1.8.1
      finalhandler: 1.1.2
      fresh: 0.5.2
      merge-descriptors: 1.0.1
      methods: 1.1.2
      on-finished: 2.3.0
      parseurl: 1.3.3
      path-to-regexp: 0.1.7
      proxy-addr: 2.0.7
      qs: 6.9.6
      range-parser: 1.2.1
      safe-buffer: 5.2.1
      send: 0.17.2
      serve-static: 1.14.2
      setprototypeof: 1.2.0
      statuses: 1.5.0
      type-is: 1.6.18
      utils-merge: 1.0.1
      vary: 1.1.2
    dev: false

  /fill-range/7.0.1:
    resolution: {integrity: sha512-qOo9F+dMUmC2Lcb4BbVvnKJxTPjCm+RRpe4gDuGrzkL7mEVl/djYSu2OdQ2Pa302N4oqkSg9ir6jaLWJ2USVpQ==}
    engines: {node: '>=8'}
    dependencies:
      to-regex-range: 5.0.1
    dev: true

  /finalhandler/1.1.2:
    resolution: {integrity: sha512-aAWcW57uxVNrQZqFXjITpW3sIUQmHGG3qSb9mUah9MgMC4NeWhNOlNjXEYq3HjRAvL6arUviZGGJsBg6z0zsWA==}
    engines: {node: '>= 0.8'}
    dependencies:
      debug: 2.6.9
      encodeurl: 1.0.2
      escape-html: 1.0.3
      on-finished: 2.3.0
      parseurl: 1.3.3
      statuses: 1.5.0
      unpipe: 1.0.0
    dev: false

  /follow-redirects/1.14.6:
    resolution: {integrity: sha512-fhUl5EwSJbbl8AR+uYL2KQDxLkdSjZGR36xy46AO7cOMTrCMON6Sa28FmAnC2tRTDbd/Uuzz3aJBv7EBN7JH8A==}
    engines: {node: '>=4.0'}
    peerDependencies:
      debug: '*'
    peerDependenciesMeta:
      debug:
        optional: true
    dev: false

  /forwarded/0.2.0:
    resolution: {integrity: sha512-buRG0fpBtRHSTCOASe6hD258tEubFoRLb4ZNA6NxMVHNw2gOcwHo9wyablzMzOA5z9xA9L1KNjk/Nt6MT9aYow==}
    engines: {node: '>= 0.6'}
    dev: false

  /fresh/0.5.2:
    resolution: {integrity: sha1-PYyt2Q2XZWn6g1qx+OSyOhBWBac=}
    engines: {node: '>= 0.6'}
    dev: false

  /fs-minipass/2.1.0:
    resolution: {integrity: sha512-V/JgOLFCS+R6Vcq0slCuaeWEdNC3ouDlJMNIsacH2VtALiu9mV4LPrHc5cDl8k5aw6J8jwgWWpiTo5RYhmIzvg==}
    engines: {node: '>= 8'}
    dependencies:
      minipass: 3.1.6
    dev: false

  /fs.realpath/1.0.0:
    resolution: {integrity: sha1-FQStJSMVjKpA20onh8sBQRmU6k8=}

  /fsevents/2.3.2:
    resolution: {integrity: sha512-xiqMQR4xAeHTuB9uWm+fFRcIOgKBMiOBP+eXiyT7jsgVCq1bkVygt00oASowB7EdtpOHaaPgKt812P9ab+DDKA==}
    engines: {node: ^8.16.0 || ^10.6.0 || >=11.0.0}
    os: [darwin]
    requiresBuild: true
    dev: true
    optional: true

  /function-bind/1.1.1:
    resolution: {integrity: sha512-yIovAzMX49sF8Yl58fSCWJ5svSLuaibPxXQJFLmBObTuCr0Mf1KiPopGM9NiFjiYBCbfaa2Fh6breQ6ANVTI0A==}
    dev: true

  /gauge/3.0.2:
    resolution: {integrity: sha512-+5J6MS/5XksCuXq++uFRsnUd7Ovu1XenbeuIuNRJxYWjgQbPuFhT14lAvsWfqfAmnwluf1OwMjz39HjfLPci0Q==}
    engines: {node: '>=10'}
    dependencies:
      aproba: 2.0.0
      color-support: 1.1.3
      console-control-strings: 1.1.0
      has-unicode: 2.0.1
      object-assign: 4.1.1
      signal-exit: 3.0.6
      string-width: 4.2.3
      strip-ansi: 6.0.1
      wide-align: 1.1.5
    dev: false

  /generic-pool/3.8.2:
    resolution: {integrity: sha512-nGToKy6p3PAbYQ7p1UlWl6vSPwfwU6TMSWK7TTu+WUY4ZjyZQGniGGt2oNVvyNSpyZYSB43zMXVLcBm08MTMkg==}
    engines: {node: '>= 4'}
    dev: false

  /glob-parent/5.1.2:
    resolution: {integrity: sha512-AOIgSQCepiJYwP3ARnGx+5VnTu2HBYdzbGP45eLw1vr3zB3vZLeyed1sC9hnbcOc9/SrMyM5RPQrkGz4aS9Zow==}
    engines: {node: '>= 6'}
    dependencies:
      is-glob: 4.0.3
    dev: true

  /glob/7.2.0:
    resolution: {integrity: sha512-lmLf6gtyrPq8tTjSmrO94wBeQbFR3HbLHbuyD69wuyQkImp2hWqMGB47OX65FBkPffO641IP9jWa1z4ivqG26Q==}
    dependencies:
      fs.realpath: 1.0.0
      inflight: 1.0.6
      inherits: 2.0.4
      minimatch: 3.0.4
      once: 1.4.0
      path-is-absolute: 1.0.1

  /globalyzer/0.1.0:
    resolution: {integrity: sha512-40oNTM9UfG6aBmuKxk/giHn5nQ8RVz/SS4Ir6zgzOv9/qC3kKZ9v4etGTcJbEl/NyVQH7FGU7d+X1egr57Md2Q==}
    dev: false

  /globrex/0.1.2:
    resolution: {integrity: sha512-uHJgbwAMwNFf5mLst7IWLNg14x1CkeqglJb/K3doi4dw6q2IvAAmM/Y81kevy83wP+Sst+nutFTYOGg3d1lsxg==}
    dev: false

  /graceful-fs/4.2.9:
    resolution: {integrity: sha512-NtNxqUcXgpW2iMrfqSfR73Glt39K+BLwWsPs94yR63v45T0Wbej7eRmL5cWfwEgqXnmjQp3zaJTshdRW/qC2ZQ==}
    dev: true

  /has-unicode/2.0.1:
    resolution: {integrity: sha1-4Ob+aijPUROIVeCG0Wkedx3iqLk=}
    dev: false

  /has/1.0.3:
    resolution: {integrity: sha512-f2dvO0VU6Oej7RkWJGrehjbzMAjFp5/VKPp5tTpWIV4JHHZK1/BxbFRtf/siA2SWTe09caDmVtYYzWEIbBS4zw==}
    engines: {node: '>= 0.4.0'}
    dependencies:
      function-bind: 1.1.1
    dev: true

  /http-errors/1.8.1:
    resolution: {integrity: sha512-Kpk9Sm7NmI+RHhnj6OIWDI1d6fIoFAtFt9RLaTMRlg/8w49juAStsrBgp0Dp4OdxdVbRIeKhtCUvoi/RuAhO4g==}
    engines: {node: '>= 0.6'}
    dependencies:
      depd: 1.1.2
      inherits: 2.0.4
      setprototypeof: 1.2.0
      statuses: 1.5.0
      toidentifier: 1.0.1
    dev: false

  /https-proxy-agent/5.0.0:
    resolution: {integrity: sha512-EkYm5BcKUGiduxzSt3Eppko+PiNWNEpa4ySk9vTC6wDsQJW9rHSa+UhGNJoRYp7bz6Ht1eaRIa6QaJqO5rCFbA==}
    engines: {node: '>= 6'}
    dependencies:
      agent-base: 6.0.2
      debug: 4.3.3
    transitivePeerDependencies:
      - supports-color
    dev: false

  /iconv-lite/0.4.24:
    resolution: {integrity: sha512-v3MXnZAcvnywkTUEZomIActle7RXXeedOR31wwl7VlyoXO4Qi9arvSenNQWne1TcRwhCL1HwLI21bEqdpj8/rA==}
    engines: {node: '>=0.10.0'}
    dependencies:
      safer-buffer: 2.1.2
    dev: false

  /immutable/4.0.0:
    resolution: {integrity: sha512-zIE9hX70qew5qTUjSS7wi1iwj/l7+m54KWU247nhM3v806UdGj1yDndXj+IOYxxtW9zyLI+xqFNZjTuDaLUqFw==}
    dev: true

  /inflight/1.0.6:
    resolution: {integrity: sha1-Sb1jMdfQLQwJvJEKEHW6gWW1bfk=}
    dependencies:
      once: 1.4.0
      wrappy: 1.0.2

  /inherits/2.0.4:
    resolution: {integrity: sha512-k/vGaX4/Yla3WzyMCvTQOXYeIHvqOKtnqBduzTHpzpQZzAskKMhZ2K+EnBiSM9zGSoIFeMpXKxa4dYeZIQqewQ==}

  /ipaddr.js/1.9.1:
    resolution: {integrity: sha512-0KI/607xoxSToH7GjN1FfSbLoU0+btTicjsQSWQlh/hZykN8KpmMf7uYwPW3R+akZ6R/w18ZlXSHBYXiYUPO3g==}
    engines: {node: '>= 0.10'}
    dev: false

  /is-binary-path/2.1.0:
    resolution: {integrity: sha512-ZMERYes6pDydyuGidse7OsHxtbI7WVeUEozgR/g7rd0xUimYNlvZRE/K2MgZTjWy725IfelLeVcEM97mmtRGXw==}
    engines: {node: '>=8'}
    dependencies:
      binary-extensions: 2.2.0
    dev: true

  /is-core-module/2.8.1:
    resolution: {integrity: sha512-SdNCUs284hr40hFTFP6l0IfZ/RSrMXF3qgoRHd3/79unUTvrFO/JoXwkGm+5J/Oe3E/b5GsnG330uUNgRpu1PA==}
    dependencies:
      has: 1.0.3
    dev: true

  /is-extglob/2.1.1:
    resolution: {integrity: sha1-qIwCU1eR8C7TfHahueqXc8gz+MI=}
    engines: {node: '>=0.10.0'}
    dev: true

  /is-fullwidth-code-point/3.0.0:
    resolution: {integrity: sha512-zymm5+u+sCsSWyD9qNaejV3DFvhCKclKdizYaJUuHA83RLjb7nSuGnddCHGv0hk+KY7BMAlsWeK4Ueg6EV6XQg==}
    engines: {node: '>=8'}
    dev: false

  /is-glob/4.0.3:
    resolution: {integrity: sha512-xelSayHH36ZgE7ZWhli7pW34hNbNl8Ojv5KVmkJD4hBdD3th8Tfk9vYasLM+mXWOZhFkgZfxhLSnrwRr4elSSg==}
    engines: {node: '>=0.10.0'}
    dependencies:
      is-extglob: 2.1.1
    dev: true

  /is-number/7.0.0:
    resolution: {integrity: sha512-41Cifkg6e8TylSpdtTpeLVMqvSBEVzTttHvERD741+pnZ8ANv0004MRL43QKPDlK9cGvNp6NZWZUBlbGXYxxng==}
    engines: {node: '>=0.12.0'}
    dev: true

  /jsonwebtoken/8.5.1:
    resolution: {integrity: sha512-XjwVfRS6jTMsqYs0EsuJ4LGxXV14zQybNd4L2r0UvbVnSF9Af8x7p5MzbJ90Ioz/9TI41/hTCvznF/loiSzn8w==}
    engines: {node: '>=4', npm: '>=1.4.28'}
    dependencies:
      jws: 3.2.2
      lodash.includes: 4.3.0
      lodash.isboolean: 3.0.3
      lodash.isinteger: 4.0.4
      lodash.isnumber: 3.0.3
      lodash.isplainobject: 4.0.6
      lodash.isstring: 4.0.1
      lodash.once: 4.1.1
      ms: 2.1.3
      semver: 5.7.1
    dev: false

  /jwa/1.4.1:
    resolution: {integrity: sha512-qiLX/xhEEFKUAJ6FiBMbes3w9ATzyk5W7Hvzpa/SLYdxNtng+gcurvrI7TbACjIXlsJyr05/S1oUhZrc63evQA==}
    dependencies:
      buffer-equal-constant-time: 1.0.1
      ecdsa-sig-formatter: 1.0.11
      safe-buffer: 5.2.1
    dev: false

  /jws/3.2.2:
    resolution: {integrity: sha512-YHlZCB6lMTllWDtSPHz/ZXTsi8S00usEV6v1tjq8tOUZzw7DpSDWVXjXDre6ed1w/pd495ODpHZYSdkRTsa0HA==}
    dependencies:
      jwa: 1.4.1
      safe-buffer: 5.2.1
    dev: false

  /kleur/4.1.4:
    resolution: {integrity: sha512-8QADVssbrFjivHWQU7KkMgptGTl6WAcSdlbBPY4uNF+mWr6DGcKrvY2w4FQJoXch7+fKMjj0dRrL75vk3k23OA==}
    engines: {node: '>=6'}
    dev: true

  /lodash.includes/4.3.0:
    resolution: {integrity: sha1-YLuYqHy5I8aMoeUTJUgzFISfVT8=}
    dev: false

  /lodash.isboolean/3.0.3:
    resolution: {integrity: sha1-bC4XHbKiV82WgC/UOwGyDV9YcPY=}
    dev: false

  /lodash.isinteger/4.0.4:
    resolution: {integrity: sha1-YZwK89A/iwTDH1iChAt3sRzWg0M=}
    dev: false

  /lodash.isnumber/3.0.3:
    resolution: {integrity: sha1-POdoEMWSjQM1IwGsKHMX8RwLH/w=}
    dev: false

  /lodash.isplainobject/4.0.6:
    resolution: {integrity: sha1-fFJqUtibRcRcxpC4gWO+BJf1UMs=}
    dev: false

  /lodash.isstring/4.0.1:
    resolution: {integrity: sha1-1SfftUVuynzJu5XV2ur4i6VKVFE=}
    dev: false

  /lodash.once/4.1.1:
    resolution: {integrity: sha1-DdOXEhPHxW34gJd9UEyI+0cal6w=}
    dev: false

  /lru-cache/6.0.0:
    resolution: {integrity: sha512-Jo6dJ04CmSjuznwJSS3pUeWmd/H0ffTlkXXgwZi+eq1UCmqQwCh+eLsYOYCwY991i2Fah4h1BEMCx4qThGbsiA==}
    engines: {node: '>=10'}
    dependencies:
      yallist: 4.0.0
    dev: false

  /magic-string/0.25.7:
    resolution: {integrity: sha512-4CrMT5DOHTDk4HYDlzmwu4FVCcIYI8gauveasrdCu2IKIFOJ3f0v/8MDGJCDL9oD2ppz/Av1b0Nj345H9M+XIA==}
    dependencies:
      sourcemap-codec: 1.4.8
    dev: true

  /make-dir/3.1.0:
    resolution: {integrity: sha512-g3FeP20LNwhALb/6Cz6Dd4F2ngze0jz7tbzrD2wAV+o9FeNHe4rL+yK2md0J/fiSf1sa1ADhXqi5+oVwOM/eGw==}
    engines: {node: '>=8'}
    dependencies:
      semver: 6.3.0
    dev: false

  /media-typer/0.3.0:
    resolution: {integrity: sha1-hxDXrwqmJvj/+hzgAWhUUmMlV0g=}
    engines: {node: '>= 0.6'}
    dev: false

  /merge-descriptors/1.0.1:
    resolution: {integrity: sha1-sAqqVW3YtEVoFQ7J0blT8/kMu2E=}
    dev: false

  /methods/1.1.2:
    resolution: {integrity: sha1-VSmk1nZUE07cxSZmVoNbD4Ua/O4=}
    engines: {node: '>= 0.6'}
    dev: false

  /mime-db/1.51.0:
    resolution: {integrity: sha512-5y8A56jg7XVQx2mbv1lu49NR4dokRnhZYTtL+KGfaa27uq4pSTXkwQkFJl4pkRMyNFz/EtYDSkiiEHx3F7UN6g==}
    engines: {node: '>= 0.6'}
    dev: false

  /mime-types/2.1.34:
    resolution: {integrity: sha512-6cP692WwGIs9XXdOO4++N+7qjqv0rqxxVvJ3VHPh/Sc9mVZcQP+ZGhkKiTvWMQRr2tbHkJP/Yn7Y0npb3ZBs4A==}
    engines: {node: '>= 0.6'}
    dependencies:
      mime-db: 1.51.0
    dev: false

  /mime/1.6.0:
    resolution: {integrity: sha512-x0Vn8spI+wuJ1O6S7gnbaQg8Pxh4NNHb7KSINmEWKiPE4RKOplvijn+NkmYmmRgP68mc70j2EbeTFRsrswaQeg==}
    engines: {node: '>=4'}
    hasBin: true
    dev: false

  /min-indent/1.0.1:
    resolution: {integrity: sha512-I9jwMn07Sy/IwOj3zVkVik2JTvgpaykDZEigL6Rx6N9LbMywwUSMtxET+7lVoDLLd3O3IXwJwvuuns8UB/HeAg==}
    engines: {node: '>=4'}
    dev: true

  /minimatch/3.0.4:
    resolution: {integrity: sha512-yJHVQEhyqPLUTgt9B83PXu6W3rx4MvvHvSUvToogpwoGDOUQ+yDrR0HRot+yOCdCO7u4hX3pWft6kWBBcqh0UA==}
    dependencies:
      brace-expansion: 1.1.11

  /minimist/1.2.5:
    resolution: {integrity: sha512-FM9nNUYrRBAELZQT3xeZQ7fmMOBg6nWNmJKTcgsJeaLstP/UODVpGsr5OhXhhXg6f+qtJ8uiZ+PUxkDWcgIXLw==}
    dev: true

  /minipass/3.1.6:
    resolution: {integrity: sha512-rty5kpw9/z8SX9dmxblFA6edItUmwJgMeYDZRrwlIVN27i8gysGbznJwUggw2V/FVqFSDdWy040ZPS811DYAqQ==}
    engines: {node: '>=8'}
    dependencies:
      yallist: 4.0.0
    dev: false

  /minizlib/2.1.2:
    resolution: {integrity: sha512-bAxsR8BVfj60DWXHE3u30oHzfl4G7khkSuPW+qvpd7jFRHm7dLxOjUk1EHACJ/hxLY8phGJ0YhYHZo7jil7Qdg==}
    engines: {node: '>= 8'}
    dependencies:
      minipass: 3.1.6
      yallist: 4.0.0
    dev: false

  /mkdirp/0.5.5:
    resolution: {integrity: sha512-NKmAlESf6jMGym1++R0Ra7wvhV+wFW63FaSOFPwRahvea0gMUcGUhVeAg/0BC0wiv9ih5NYPB1Wn1UEI1/L+xQ==}
    hasBin: true
    dependencies:
      minimist: 1.2.5
    dev: true

  /mkdirp/1.0.4:
    resolution: {integrity: sha512-vVqVZQyf3WLx2Shd0qJ9xuvqgAyKPLAiqITEtqW0oIUjzo3PePDd6fW9iFz30ef7Ysp/oiWqbhszeGWW2T6Gzw==}
    engines: {node: '>=10'}
    hasBin: true
    dev: false

  /mri/1.2.0:
    resolution: {integrity: sha512-tzzskb3bG8LvYGFF/mDTpq3jpI6Q9wc3LEmBaghu+DdCssd1FakN7Bc0hVNmEyGq1bq3RgfkCb3cmQLpNPOroA==}
    engines: {node: '>=4'}
    dev: true

  /ms/2.0.0:
    resolution: {integrity: sha1-VgiurfwAvmwpAd9fmGF4jeDVl8g=}
    dev: false

  /ms/2.1.2:
    resolution: {integrity: sha512-sGkPx+VjMtmA6MX27oA4FBFELFCZZ4S4XqeGOXCv68tT+jb3vk/RyaKWP0PTKyWtmLSM0b+adUTEvbs1PEaH2w==}

  /ms/2.1.3:
    resolution: {integrity: sha512-6FlzubTLZG3J2a/NVCAleEhjzq5oxgHyaCU9yYXvcLsvoVaHJq/s5xXI6/XXP6tz7R9xAOtHnSO/tXtF3WRTlA==}
    dev: false

  /nanoid/3.1.30:
    resolution: {integrity: sha512-zJpuPDwOv8D2zq2WRoMe1HsfZthVewpel9CAvTfc/2mBD1uUT/agc5f7GHGWXlYkFvi1mVxe4IjvP2HNrop7nQ==}
    engines: {node: ^10 || ^12 || ^13.7 || ^14 || >=15.0.1}
    hasBin: true
    dev: true

  /negotiator/0.6.2:
    resolution: {integrity: sha512-hZXc7K2e+PgeI1eDBe/10Ard4ekbfrrqG8Ep+8Jmf4JID2bNg7NvCPOZN+kfF574pFQI7mum2AUqDidoKqcTOw==}
    engines: {node: '>= 0.6'}
    dev: false

  /node-addon-api/4.2.0:
    resolution: {integrity: sha512-eazsqzwG2lskuzBqCGPi7Ac2UgOoMz8JVOXVhTvvPDYhthvNpefx8jWD8Np7Gv+2Sz0FlPWZk0nJV0z598Wn8Q==}
    dev: false

  /node-fetch/2.6.6:
    resolution: {integrity: sha512-Z8/6vRlTUChSdIgMa51jxQ4lrw/Jy5SOW10ObaA47/RElsAN2c5Pn8bTgFGWn/ibwzXTE8qwr1Yzx28vsecXEA==}
    engines: {node: 4.x || >=6.0.0}
    dependencies:
      whatwg-url: 5.0.0
    dev: false

  /nopt/5.0.0:
    resolution: {integrity: sha512-Tbj67rffqceeLpcRXrT7vKAN8CwfPeIBgM7E6iBkmKLV7bEMwpGgYLGv0jACUsECaa/vuxP0IjEont6umdMgtQ==}
    engines: {node: '>=6'}
    hasBin: true
    dependencies:
      abbrev: 1.1.1
    dev: false

  /normalize-path/3.0.0:
    resolution: {integrity: sha512-6eZs5Ls3WtCisHWp9S2GUy8dqkpGi4BVSz3GaqiE6ezub0512ESztXUwUB6C6IKbQkY2Pnb/mD4WYojCRwcwLA==}
    engines: {node: '>=0.10.0'}
    dev: true

  /normalizecss/3.0.0:
    resolution: {integrity: sha1-1sPThhyYIUVzKFqYrfyY0XbvECM=}
    dev: false

  /npmlog/5.0.1:
    resolution: {integrity: sha512-AqZtDUWOMKs1G/8lwylVjrdYgqA4d9nu8hc+0gzRxlDb1I10+FHBGMXs6aiQHFdCUUlqH99MUMuLfzWDNDtfxw==}
    dependencies:
      are-we-there-yet: 2.0.0
      console-control-strings: 1.1.0
      gauge: 3.0.2
      set-blocking: 2.0.0
    dev: false

  /object-assign/4.1.1:
    resolution: {integrity: sha1-IQmtx5ZYh8/AXLvUQsrIv7s2CGM=}
    engines: {node: '>=0.10.0'}
    dev: false

  /on-finished/2.3.0:
    resolution: {integrity: sha1-IPEzZIGwg811M3mSoWlxqi2QaUc=}
    engines: {node: '>= 0.8'}
    dependencies:
      ee-first: 1.1.1
    dev: false

  /once/1.4.0:
    resolution: {integrity: sha1-WDsap3WWHUsROsF9nFC6753Xa9E=}
    dependencies:
      wrappy: 1.0.2

  /opencollective-postinstall/2.0.3:
    resolution: {integrity: sha512-8AV/sCtuzUeTo8gQK5qDZzARrulB3egtLzFgteqB2tcT4Mw7B8Kt7JcDHmltjz6FOAHsvTevk70gZEbhM4ZS9Q==}
    hasBin: true
    dev: false

  /parseurl/1.3.3:
    resolution: {integrity: sha512-CiyeOxFT/JZyN5m0z9PfXw4SCBJ6Sygz1Dpl0wqjlhDEGGBP1GnsUVEL0p63hoG1fcj3fHynXi9NYO4nWOL+qQ==}
    engines: {node: '>= 0.8'}
    dev: false

  /path-is-absolute/1.0.1:
    resolution: {integrity: sha1-F0uSaHNVNP+8es5r9TpanhtcX18=}
    engines: {node: '>=0.10.0'}

  /path-parse/1.0.7:
    resolution: {integrity: sha512-LDJzPVEEEPR+y48z93A0Ed0yXb8pAByGWo/k5YYdYgpY2/2EsOsksJrq7lOHxryrVOn1ejG6oAp8ahvOIQD8sw==}
    dev: true

  /path-to-regexp/0.1.7:
    resolution: {integrity: sha1-32BBeABfUi8V60SQ5yR6G/qmf4w=}
    dev: false

  /picocolors/1.0.0:
    resolution: {integrity: sha512-1fygroTLlHu66zi26VoTDv8yRgm0Fccecssto+MhsZ0D/DGW2sm8E8AjW7NU5VVTRt5GxbeZ5qBuJr+HyLYkjQ==}
    dev: true

  /picomatch/2.3.1:
    resolution: {integrity: sha512-JU3teHTNjmE2VCGFzuY8EXzCDVwEqB2a8fsIvwaStHhAWJEeVd1o1QD80CU6+ZdEXXSLbSsuLwJjkCBWqRQUVA==}
    engines: {node: '>=8.6'}
    dev: true

  /postcss/8.4.5:
    resolution: {integrity: sha512-jBDboWM8qpaqwkMwItqTQTiFikhs/67OYVvblFFTM7MrZjt6yMKd6r2kgXizEbTTljacm4NldIlZnhbjr84QYg==}
    engines: {node: ^10 || ^12 || >=14}
    dependencies:
      nanoid: 3.1.30
      picocolors: 1.0.0
      source-map-js: 1.0.1
    dev: true

  /postgres/1.0.2:
    resolution: {integrity: sha512-zeLgt42KSUNgX/uvo+gbVxTAYwgSY6MIKuU/a8YWuObX4rtGuKrVWopvEAqIAPSO0FeHS1TsSKnqPjoufPy8NA==}
    dev: false

  /proxy-addr/2.0.7:
    resolution: {integrity: sha512-llQsMLSUDUPT44jdrU/O37qlnifitDP+ZwrmmZcoSKyLKvtZxpyV0n2/bD/N4tBAAZ/gJEdZU7KMraoK1+XYAg==}
    engines: {node: '>= 0.10'}
    dependencies:
      forwarded: 0.2.0
      ipaddr.js: 1.9.1
    dev: false

  /qs/6.9.6:
    resolution: {integrity: sha512-TIRk4aqYLNoJUbd+g2lEdz5kLWIuTMRagAXxl78Q0RiVjAOugHmeKNGdd3cwo/ktpf9aL9epCfFqWDEKysUlLQ==}
    engines: {node: '>=0.6'}
    dev: false

  /range-parser/1.2.1:
    resolution: {integrity: sha512-Hrgsx+orqoygnmhFbKaHE6c296J+HTAQXoxEF6gNupROmmGJRoyzfG3ccAveqCBrwr/2yxQ5BVd/GTl5agOwSg==}
    engines: {node: '>= 0.6'}
    dev: false

  /raw-body/2.4.2:
    resolution: {integrity: sha512-RPMAFUJP19WIet/99ngh6Iv8fzAbqum4Li7AD6DtGaW2RpMB/11xDoalPiJMTbu6I3hkbMVkATvZrqb9EEqeeQ==}
    engines: {node: '>= 0.8'}
    dependencies:
      bytes: 3.1.1
      http-errors: 1.8.1
      iconv-lite: 0.4.24
      unpipe: 1.0.0
    dev: false

  /readable-stream/3.6.0:
    resolution: {integrity: sha512-BViHy7LKeTz4oNnkcLJ+lVSL6vpiFeX6/d3oSH8zCW7UxP2onchk+vTGB143xuFjHS3deTgkKoXXymXqymiIdA==}
    engines: {node: '>= 6'}
    dependencies:
      inherits: 2.0.4
      string_decoder: 1.3.0
      util-deprecate: 1.0.2
    dev: false

  /readdirp/3.6.0:
    resolution: {integrity: sha512-hOS089on8RduqdbhvQ5Z37A0ESjsqz6qnRcffsMU3495FuTdqSm+7bhJ29JvIOsBDEEnan5DPu9t3To9VRlMzA==}
    engines: {node: '>=8.10.0'}
    dependencies:
      picomatch: 2.3.1
    dev: true

  /redis-errors/1.2.0:
    resolution: {integrity: sha1-62LSrbFeTq9GEMBK/hUpOEJQq60=}
    engines: {node: '>=4'}
    dev: false

  /redis-parser/3.0.0:
    resolution: {integrity: sha1-tm2CjNyv5rS4pCin3vTGvKwxyLQ=}
    engines: {node: '>=4'}
    dependencies:
      redis-errors: 1.2.0
    dev: false

  /redis/4.0.1:
    resolution: {integrity: sha512-qfcq1oz2ci7pNdCfTLLEuKhS8jZ17dFiT1exogOr+jd3EVP/h9qpy7K+VajB4BXA0k8q68KFqR6HrliKV6jt1Q==}
    engines: {npm: '>=7'}
    dependencies:
      '@node-redis/client': 1.0.1
      '@node-redis/json': 1.0.1_@node-redis+client@1.0.1
      '@node-redis/search': 1.0.1_@node-redis+client@1.0.1
      '@node-redis/time-series': 1.0.0_@node-redis+client@1.0.1
    dev: false

  /require-relative/0.8.7:
    resolution: {integrity: sha1-eZlTn8ngR6N5KPoZb44VY9q9Nt4=}
    dev: true

  /resolve/1.21.0:
    resolution: {integrity: sha512-3wCbTpk5WJlyE4mSOtDLhqQmGFi0/TD9VPwmiolnk8U0wRgMEktqCXd3vy5buTO3tljvalNvKrjHEfrd2WpEKA==}
    hasBin: true
    dependencies:
      is-core-module: 2.8.1
      path-parse: 1.0.7
      supports-preserve-symlinks-flag: 1.0.0
    dev: true

  /rimraf/2.7.1:
    resolution: {integrity: sha512-uWjbaKIK3T1OSVptzX7Nl6PvQ3qAGtKEtVRjRuazjfL3Bx5eI409VZSqgND+4UNnmzLVdPj9FqFJNPqBZFve4w==}
    hasBin: true
    dependencies:
      glob: 7.2.0
    dev: true

  /rimraf/3.0.2:
    resolution: {integrity: sha512-JZkJMZkAGFFPP2YqXZXPbMlMBgsxzE8ILs4lMIX/2o0L9UBw9O/Y3o6wFw/i9YLapcUJWwqbi3kdxIPdC62TIA==}
    hasBin: true
    dependencies:
      glob: 7.2.0
    dev: false

  /rollup/2.63.0:
    resolution: {integrity: sha512-nps0idjmD+NXl6OREfyYXMn/dar3WGcyKn+KBzPdaLecub3x/LrId0wUcthcr8oZUAcZAR8NKcfGGFlNgGL1kQ==}
    engines: {node: '>=10.0.0'}
    hasBin: true
    optionalDependencies:
      fsevents: 2.3.2
    dev: true

  /sade/1.8.1:
    resolution: {integrity: sha512-xal3CZX1Xlo/k4ApwCFrHVACi9fBqJ7V+mwhBsuf/1IOKbBy098Fex+Wa/5QMubw09pSZ/u8EY8PWgevJsXp1A==}
    engines: {node: '>=6'}
    dependencies:
      mri: 1.2.0
    dev: true

  /safe-buffer/5.2.1:
    resolution: {integrity: sha512-rp3So07KcdmmKbGvgaNxQSJr7bGVSVk5S9Eq1F+ppbRo70+YeaDxkw5Dd8NPN+GD6bjnYm2VuPuCXmpuYvmCXQ==}
    dev: false

  /safer-buffer/2.1.2:
    resolution: {integrity: sha512-YZo3K82SD7Riyi0E1EQPojLz7kpepnSQI9IyPbHHg1XXXevb5dJI7tpyN2ADxGcQbHG7vcyRHk0cbwqcQriUtg==}
    dev: false

  /sander/0.5.1:
    resolution: {integrity: sha1-dB4kXiMfB8r7b98PEzrfohalAq0=}
    dependencies:
      es6-promise: 3.3.1
      graceful-fs: 4.2.9
      mkdirp: 0.5.5
      rimraf: 2.7.1
    dev: true

  /sass/1.46.0:
    resolution: {integrity: sha512-Z4BYTgioAOlMmo4LU3Ky2txR8KR0GRPLXxO38kklaYxgo7qMTgy+mpNN4eKsrXDTFlwS5vdruvazG4cihxHRVQ==}
    engines: {node: '>=8.9.0'}
    hasBin: true
    dependencies:
      chokidar: 3.5.2
      immutable: 4.0.0
      source-map-js: 1.0.1
    dev: true

  /semver/5.7.1:
    resolution: {integrity: sha512-sauaDf/PZdVgrLTNYHRtpXa1iRiKcaebiKQ1BJdpQlWH2lCvexQdX55snPFyK7QzpudqbCI0qXFfOasHdyNDGQ==}
    hasBin: true
    dev: false

  /semver/6.3.0:
    resolution: {integrity: sha512-b39TBaTSfV6yBrapU89p5fKekE2m/NwnDocOVruQFS1/veMgdzuPcnOM34M6CwxW8jH/lxEa5rBoDeUwu5HHTw==}
    hasBin: true
    dev: false

  /semver/7.3.5:
    resolution: {integrity: sha512-PoeGJYh8HK4BTO/a9Tf6ZG3veo/A7ZVsYrSA6J8ny9nb3B1VrpkuN+z9OE5wfE5p6H4LchYZsegiQgbJD94ZFQ==}
    engines: {node: '>=10'}
    hasBin: true
    dependencies:
      lru-cache: 6.0.0
    dev: false

  /send/0.17.2:
    resolution: {integrity: sha512-UJYB6wFSJE3G00nEivR5rgWp8c2xXvJ3OPWPhmuteU0IKj8nKbG3DrjiOmLwpnHGYWAVwA69zmTm++YG0Hmwww==}
    engines: {node: '>= 0.8.0'}
    dependencies:
      debug: 2.6.9
      depd: 1.1.2
      destroy: 1.0.4
      encodeurl: 1.0.2
      escape-html: 1.0.3
      etag: 1.8.1
      fresh: 0.5.2
      http-errors: 1.8.1
      mime: 1.6.0
      ms: 2.1.3
      on-finished: 2.3.0
      range-parser: 1.2.1
      statuses: 1.5.0
    dev: false

  /serve-static/1.14.2:
    resolution: {integrity: sha512-+TMNA9AFxUEGuC0z2mevogSnn9MXKb4fa7ngeRMJaaGv8vTwnIEkKi+QGvPt33HSnf8pRS+WGM0EbMtCJLKMBQ==}
    engines: {node: '>= 0.8.0'}
    dependencies:
      encodeurl: 1.0.2
      escape-html: 1.0.3
      parseurl: 1.3.3
      send: 0.17.2
    dev: false

  /set-blocking/2.0.0:
    resolution: {integrity: sha1-BF+XgtARrppoA93TgrJDkrPYkPc=}
    dev: false

  /setprototypeof/1.2.0:
    resolution: {integrity: sha512-E5LDX7Wrp85Kil5bhZv46j8jOeboKq5JMmYM3gVGdGH8xFpPWXUMsNrlODCrkoxMEeNi/XZIwuRvY4XNwYMJpw==}
    dev: false

  /signal-exit/3.0.6:
    resolution: {integrity: sha512-sDl4qMFpijcGw22U5w63KmD3cZJfBuFlVNbVMKje2keoKML7X2UzWbc4XrmEbDwg0NXJc3yv4/ox7b+JWb57kQ==}
    dev: false

  /sorcery/0.10.0:
    resolution: {integrity: sha1-iukK19fLBfxZ8asMY3hF1cFaUrc=}
    hasBin: true
    dependencies:
      buffer-crc32: 0.2.13
      minimist: 1.2.5
      sander: 0.5.1
      sourcemap-codec: 1.4.8
    dev: true

  /source-map-js/1.0.1:
    resolution: {integrity: sha512-4+TN2b3tqOCd/kaGRJ/sTYA0tR0mdXx26ipdolxcwtJVqEnqNYvlCAt1q3ypy4QMlYus+Zh34RNtYLoq2oQ4IA==}
    engines: {node: '>=0.10.0'}
    dev: true

  /sourcemap-codec/1.4.8:
    resolution: {integrity: sha512-9NykojV5Uih4lgo5So5dtw+f0JgJX30KCNI8gwhz2J9A15wD0Ml6tjHKwf6fTSa6fAdVBdZeNOs9eJ71qCk8vA==}
    dev: true

  /statuses/1.5.0:
    resolution: {integrity: sha1-Fhx9rBd2Wf2YEfQ3cfqZOBR4Yow=}
    engines: {node: '>= 0.6'}
    dev: false

  /string-width/4.2.3:
    resolution: {integrity: sha512-wKyQRQpjJ0sIp62ErSZdGsjMJWsap5oRNihHhu6G7JVO/9jIB6UyevL+tXuOqrng8j/cxKTWyWUwvSTriiZz/g==}
    engines: {node: '>=8'}
    dependencies:
      emoji-regex: 8.0.0
      is-fullwidth-code-point: 3.0.0
      strip-ansi: 6.0.1
    dev: false

  /string_decoder/1.3.0:
    resolution: {integrity: sha512-hkRX8U1WjJFd8LsDJ2yQ/wWWxaopEsABU1XfkM8A+j0+85JAGppt16cr1Whg6KIbb4okU6Mql6BOj+uup/wKeA==}
    dependencies:
      safe-buffer: 5.2.1
    dev: false

  /strip-ansi/6.0.1:
    resolution: {integrity: sha512-Y38VPSHcqkFrCpFnQ9vuSXmquuv5oXOKpGeT6aGrr3o3Gc9AlVa6JBfUSOCnbxGGZF+/0ooI7KrPuUSztUdU5A==}
    engines: {node: '>=8'}
    dependencies:
      ansi-regex: 5.0.1
    dev: false

  /strip-indent/3.0.0:
    resolution: {integrity: sha512-laJTa3Jb+VQpaC6DseHhF7dXVqHTfJPCRDaEbid/drOhgitgYku/letMUqOXFoWV0zIIUbjpdH2t+tYj4bQMRQ==}
    engines: {node: '>=8'}
    dependencies:
      min-indent: 1.0.1
    dev: true

  /supports-preserve-symlinks-flag/1.0.0:
    resolution: {integrity: sha512-ot0WnXS9fgdkgIcePe6RHNk1WA8+muPa6cSjeR3V8K27q9BB1rTE3R1p7Hv0z1ZyAc8s6Vvv8DIyWf681MAt0w==}
    engines: {node: '>= 0.4'}
    dev: true

  /svelte-hmr/0.14.9_svelte@3.45.0:
    resolution: {integrity: sha512-bKE9+4qb4sAnA+TKHiYurUl970rjA0XmlP9TEP7K/ncyWz3m81kA4HOgmlZK/7irGK7gzZlaPDI3cmf8fp/+tg==}
    peerDependencies:
      svelte: '>=3.19.0'
    dependencies:
      svelte: 3.45.0
    dev: true

  /svelte-preprocess/4.10.1_sass@1.46.0+svelte@3.45.0:
    resolution: {integrity: sha512-NSNloaylf+o9UeyUR2KvpdxrAyMdHl3U7rMnoP06/sG0iwJvlUM4TpMno13RaNqovh4AAoGsx1jeYcIyuGUXMw==}
    engines: {node: '>= 9.11.2'}
    requiresBuild: true
    peerDependencies:
      '@babel/core': ^7.10.2
      coffeescript: ^2.5.1
      less: ^3.11.3
      node-sass: '*'
      postcss: ^7 || ^8
      postcss-load-config: ^2.1.0 || ^3.0.0
      pug: ^3.0.0
      sass: ^1.26.8
      stylus: ^0.54.7
      sugarss: ^2.0.0
      svelte: ^3.23.0
      typescript: ^4.5.2
    peerDependenciesMeta:
      '@babel/core':
        optional: true
      coffeescript:
        optional: true
      less:
        optional: true
      node-sass:
        optional: true
      postcss:
        optional: true
      postcss-load-config:
        optional: true
      pug:
        optional: true
      sass:
        optional: true
      stylus:
        optional: true
      sugarss:
        optional: true
      typescript:
        optional: true
    dependencies:
      '@types/pug': 2.0.6
      '@types/sass': 1.43.1
      detect-indent: 6.1.0
      magic-string: 0.25.7
      sass: 1.46.0
      sorcery: 0.10.0
      strip-indent: 3.0.0
      svelte: 3.45.0
    dev: true

  /svelte/3.45.0:
    resolution: {integrity: sha512-6AWftH2eqqKLYH1HvKpuUWe8OfjflarhegN57P/Cqwc2Rb2F5oIdDtANU/jMscyZMzG0v6nTQox0siZR9cmRVQ==}
    engines: {node: '>= 8'}
    dev: true

  /tar/6.1.11:
    resolution: {integrity: sha512-an/KZQzQUkZCkuoAA64hM92X0Urb6VpRhAFllDzz44U2mcD5scmT3zBc4VgVpkugF580+DQn8eAFSyoQt0tznA==}
    engines: {node: '>= 10'}
    dependencies:
      chownr: 2.0.0
      fs-minipass: 2.1.0
      minipass: 3.1.6
      minizlib: 2.1.2
      mkdirp: 1.0.4
      yallist: 4.0.0
    dev: false

  /tiny-glob/0.2.9:
    resolution: {integrity: sha512-g/55ssRPUjShh+xkfx9UPDXqhckHEsHr4Vd9zX55oSdGZc/MD0m3sferOkwWtp98bv+kcVfEHtRJgBVJzelrzg==}
    dependencies:
      globalyzer: 0.1.0
      globrex: 0.1.2
    dev: false

  /to-regex-range/5.0.1:
    resolution: {integrity: sha512-65P7iz6X5yEr1cwcgvQxbbIw7Uk3gOy5dIdtZ4rDveLqhrdJP+Li/Hx6tyK0NEb+2GCyneCMJiGqrADCSNk8sQ==}
    engines: {node: '>=8.0'}
    dependencies:
      is-number: 7.0.0
    dev: true

  /toidentifier/1.0.1:
    resolution: {integrity: sha512-o5sSPKEkg/DIQNmH43V0/uerLrpzVedkUh8tGNvaeXpfpuwjKenlSox/2O/BTlZUtEe+JG7s5YhEz608PlAHRA==}
    engines: {node: '>=0.6'}
    dev: false

  /tr46/0.0.3:
    resolution: {integrity: sha1-gYT9NH2snNwYWZLzpmIuFLnZq2o=}
    dev: false

  /type-is/1.6.18:
    resolution: {integrity: sha512-TkRKr9sUTxEH8MdfuCSP7VizJyzRNMjj2J2do2Jr3Kym598JVdEksuzPQCnlFPW4ky9Q+iA+ma9BGm06XQBy8g==}
    engines: {node: '>= 0.6'}
    dependencies:
      media-typer: 0.3.0
      mime-types: 2.1.34
    dev: false

  /unpipe/1.0.0:
    resolution: {integrity: sha1-sr9O6FFKrmFltIF4KdIbLvSZBOw=}
    engines: {node: '>= 0.8'}
    dev: false

  /util-deprecate/1.0.2:
    resolution: {integrity: sha1-RQ1Nyfpw3nMnYvvS1KKJgUGaDM8=}
    dev: false

  /utils-merge/1.0.1:
    resolution: {integrity: sha1-n5VxD1CiZ5R7LMwSR0HBAoQn5xM=}
    engines: {node: '>= 0.4.0'}
    dev: false

  /uuid/8.3.2:
    resolution: {integrity: sha512-+NYs2QeMWy+GWFOEm9xnn6HCDp0l7QBD7ml8zLUmJ+93Q5NF0NocErnwkTkXVFNiX3/fpC6afS8Dhb/gz7R7eg==}
    hasBin: true
    dev: false

  /vary/1.1.2:
    resolution: {integrity: sha1-IpnwLG3tMNSllhsLn3RSShj2NPw=}
    engines: {node: '>= 0.8'}
    dev: false

  /vite/2.7.10_sass@1.46.0:
    resolution: {integrity: sha512-KEY96ntXUid1/xJihJbgmLZx7QSC2D4Tui0FdS0Old5OokYzFclcofhtxtjDdGOk/fFpPbHv9yw88+rB93Tb8w==}
    engines: {node: '>=12.2.0'}
    hasBin: true
    peerDependencies:
      less: '*'
      sass: '*'
      stylus: '*'
    peerDependenciesMeta:
      less:
        optional: true
      sass:
        optional: true
      stylus:
        optional: true
    dependencies:
      esbuild: 0.13.15
      postcss: 8.4.5
      resolve: 1.21.0
      rollup: 2.63.0
      sass: 1.46.0
    optionalDependencies:
      fsevents: 2.3.2
    dev: true

  /webidl-conversions/3.0.1:
    resolution: {integrity: sha1-JFNCdeKnvGvnvIZhHMFq4KVlSHE=}
    dev: false

  /whatwg-url/5.0.0:
    resolution: {integrity: sha1-lmRU6HZUYuN2RNNib2dCzotwll0=}
    dependencies:
      tr46: 0.0.3
      webidl-conversions: 3.0.1
    dev: false

  /wide-align/1.1.5:
    resolution: {integrity: sha512-eDMORYaPNZ4sQIuuYPDHdQvf4gyCF9rEEV/yPxGfwPkRodwEgiMUUXTx/dex+Me0wxx53S+NgUHaP7y3MGlDmg==}
    dependencies:
      string-width: 4.2.3
    dev: false

  /wrappy/1.0.2:
    resolution: {integrity: sha1-tSQ9jz7BqjXxNkYFvA0QNuMKtp8=}

  /yallist/4.0.0:
    resolution: {integrity: sha512-3wdGidZyq5PB084XLES5TpOSRA3wjXAlIWMhum2kRcv/41Sn2emQ0dycQW4uZXLejwKvg6EsvbdlVL+FYEct7A==}
    dev: false
